
Microsoft Visual Studio Solution File, Format Version 12.00
# Visual Studio 15
VisualStudioVersion = 15.0.27130.2036
MinimumVisualStudioVersion = 10.0.40219.1
Project("{FAE04EC0-301F-11D3-BF4B-00C04F79EFBC}") = "OfflineSync.Server", "OfflineSync.Server\OfflineSync.Server.csproj", "{2C2F500C-9E5B-4246-8960-2B4479CF7936}"
EndProject
Project("{FAE04EC0-301F-11D3-BF4B-00C04F79EFBC}") = "OfflineSync.DomainModel", "OfflineSync.DomainModel\OfflineSync.DomainModel.csproj", "{87C19377-247B-425A-8E15-F6924FE9DEFD}"
EndProject
Project("{FAE04EC0-301F-11D3-BF4B-00C04F79EFBC}") = "User.APIApp", "User.APIApp\User.APIApp.csproj", "{076E98CE-B839-4BA3-9C2D-E09A64AE1F67}"
EndProject
Project("{FAE04EC0-301F-11D3-BF4B-00C04F79EFBC}") = "OfflineSync.Client", "OfflineSync.Client\OfflineSync.Client.csproj", "{2E40B1BD-B44B-481E-A753-59B6F4341BAB}"
EndProject
Project("{FAE04EC0-301F-11D3-BF4B-00C04F79EFBC}") = "User.FormsApp", "User.FormsApp\User.FormsApp.csproj", "{C080DED9-D04A-4FB0-BD8B-02DC0E70A6CE}"
EndProject
Project("{2150E333-8FDC-42A3-9474-1A3956D46DE8}") = "Tests", "Tests", "{001FBC1A-9F5B-4339-93C1-82617D76F804}"
EndProject
Project("{2150E333-8FDC-42A3-9474-1A3956D46DE8}") = "Apps", "Apps", "{3FDA460A-EE92-4A54-A4D6-51B3AC4CC2EC}"
EndProject
Project("{FAE04EC0-301F-11D3-BF4B-00C04F79EFBC}") = "User.Client.SQLiteModels", "User.Client.SQLiteModels\User.Client.SQLiteModels.csproj", "{EA6A623F-B6B4-4544-9218-B111E82F7B29}"
EndProject
Project("{FAE04EC0-301F-11D3-BF4B-00C04F79EFBC}") = "User.Server.SQLModels", "User.Server.SQLModels\User.Server.SQLModels.csproj", "{BAB720D1-F4EF-4282-85D5-00403588964A}"
EndProject
Project("{FAE04EC0-301F-11D3-BF4B-00C04F79EFBC}") = "OfflineSync.IntegrationTest", "OfflineSync.IntegrationTest\OfflineSync.IntegrationTest.csproj", "{77B13E68-A093-42A8-8EED-9FFA8F7BA75A}"
EndProject
Global
	GlobalSection(SolutionConfigurationPlatforms) = preSolution
		Debug|Any CPU = Debug|Any CPU
		Release|Any CPU = Release|Any CPU
	EndGlobalSection
	GlobalSection(ProjectConfigurationPlatforms) = postSolution
		{2C2F500C-9E5B-4246-8960-2B4479CF7936}.Debug|Any CPU.ActiveCfg = Debug|Any CPU
		{2C2F500C-9E5B-4246-8960-2B4479CF7936}.Debug|Any CPU.Build.0 = Debug|Any CPU
		{2C2F500C-9E5B-4246-8960-2B4479CF7936}.Release|Any CPU.ActiveCfg = Release|Any CPU
		{2C2F500C-9E5B-4246-8960-2B4479CF7936}.Release|Any CPU.Build.0 = Release|Any CPU
		{87C19377-247B-425A-8E15-F6924FE9DEFD}.Debug|Any CPU.ActiveCfg = Debug|Any CPU
		{87C19377-247B-425A-8E15-F6924FE9DEFD}.Debug|Any CPU.Build.0 = Debug|Any CPU
		{87C19377-247B-425A-8E15-F6924FE9DEFD}.Release|Any CPU.ActiveCfg = Release|Any CPU
		{87C19377-247B-425A-8E15-F6924FE9DEFD}.Release|Any CPU.Build.0 = Release|Any CPU
		{076E98CE-B839-4BA3-9C2D-E09A64AE1F67}.Debug|Any CPU.ActiveCfg = Debug|Any CPU
		{076E98CE-B839-4BA3-9C2D-E09A64AE1F67}.Debug|Any CPU.Build.0 = Debug|Any CPU
		{076E98CE-B839-4BA3-9C2D-E09A64AE1F67}.Release|Any CPU.ActiveCfg = Release|Any CPU
		{076E98CE-B839-4BA3-9C2D-E09A64AE1F67}.Release|Any CPU.Build.0 = Release|Any CPU
		{2E40B1BD-B44B-481E-A753-59B6F4341BAB}.Debug|Any CPU.ActiveCfg = Debug|Any CPU
		{2E40B1BD-B44B-481E-A753-59B6F4341BAB}.Debug|Any CPU.Build.0 = Debug|Any CPU
		{2E40B1BD-B44B-481E-A753-59B6F4341BAB}.Release|Any CPU.ActiveCfg = Release|Any CPU
		{2E40B1BD-B44B-481E-A753-59B6F4341BAB}.Release|Any CPU.Build.0 = Release|Any CPU
		{C080DED9-D04A-4FB0-BD8B-02DC0E70A6CE}.Debug|Any CPU.ActiveCfg = Debug|Any CPU
		{C080DED9-D04A-4FB0-BD8B-02DC0E70A6CE}.Debug|Any CPU.Build.0 = Debug|Any CPU
		{C080DED9-D04A-4FB0-BD8B-02DC0E70A6CE}.Release|Any CPU.ActiveCfg = Release|Any CPU
		{C080DED9-D04A-4FB0-BD8B-02DC0E70A6CE}.Release|Any CPU.Build.0 = Release|Any CPU
		{EA6A623F-B6B4-4544-9218-B111E82F7B29}.Debug|Any CPU.ActiveCfg = Debug|Any CPU
		{EA6A623F-B6B4-4544-9218-B111E82F7B29}.Debug|Any CPU.Build.0 = Debug|Any CPU
		{EA6A623F-B6B4-4544-9218-B111E82F7B29}.Release|Any CPU.ActiveCfg = Release|Any CPU
		{EA6A623F-B6B4-4544-9218-B111E82F7B29}.Release|Any CPU.Build.0 = Release|Any CPU
		{BAB720D1-F4EF-4282-85D5-00403588964A}.Debug|Any CPU.ActiveCfg = Debug|Any CPU
		{BAB720D1-F4EF-4282-85D5-00403588964A}.Debug|Any CPU.Build.0 = Debug|Any CPU
		{BAB720D1-F4EF-4282-85D5-00403588964A}.Release|Any CPU.ActiveCfg = Release|Any CPU
		{BAB720D1-F4EF-4282-85D5-00403588964A}.Release|Any CPU.Build.0 = Release|Any CPU
		{77B13E68-A093-42A8-8EED-9FFA8F7BA75A}.Debug|Any CPU.ActiveCfg = Debug|Any CPU
		{77B13E68-A093-42A8-8EED-9FFA8F7BA75A}.Debug|Any CPU.Build.0 = Debug|Any CPU
		{77B13E68-A093-42A8-8EED-9FFA8F7BA75A}.Release|Any CPU.ActiveCfg = Release|Any CPU
		{77B13E68-A093-42A8-8EED-9FFA8F7BA75A}.Release|Any CPU.Build.0 = Release|Any CPU
	EndGlobalSection
	GlobalSection(SolutionProperties) = preSolution
		HideSolutionNode = FALSE
	EndGlobalSection
	GlobalSection(NestedProjects) = preSolution
		{076E98CE-B839-4BA3-9C2D-E09A64AE1F67} = {3FDA460A-EE92-4A54-A4D6-51B3AC4CC2EC}
		{C080DED9-D04A-4FB0-BD8B-02DC0E70A6CE} = {3FDA460A-EE92-4A54-A4D6-51B3AC4CC2EC}
		{EA6A623F-B6B4-4544-9218-B111E82F7B29} = {3FDA460A-EE92-4A54-A4D6-51B3AC4CC2EC}
		{BAB720D1-F4EF-4282-85D5-00403588964A} = {3FDA460A-EE92-4A54-A4D6-51B3AC4CC2EC}
		{77B13E68-A093-42A8-8EED-9FFA8F7BA75A} = {001FBC1A-9F5B-4339-93C1-82617D76F804}
	EndGlobalSection
	GlobalSection(ExtensibilityGlobals) = postSolution
		SolutionGuid = {FD0E2417-3D4D-446E-B5F0-BF1F7CE57287}
	EndGlobalSection
	GlobalSection(Performance) = preSolution
		HasPerformanceSessions = true
	EndGlobalSection
EndGlobal
