
Microsoft Visual Studio Solution File, Format Version 12.00
# Visual Studio 15
VisualStudioVersion = 15.0.27130.2036
MinimumVisualStudioVersion = 10.0.40219.1
Project("{FAE04EC0-301F-11D3-BF4B-00C04F79EFBC}") = "OfflineSync.Server", "OfflineSync.Server\OfflineSync.Server.csproj", "{2C2F500C-9E5B-4246-8960-2B4479CF7936}"
EndProject
Project("{FAE04EC0-301F-11D3-BF4B-00C04F79EFBC}") = "OfflineSync.DomainModel", "OfflineSync.DomainModel\OfflineSync.DomainModel.csproj", "{87C19377-247B-425A-8E15-F6924FE9DEFD}"
EndProject
Project("{FAE04EC0-301F-11D3-BF4B-00C04F79EFBC}") = "User.APIApp", "User.APIApp\User.APIApp.csproj", "{076E98CE-B839-4BA3-9C2D-E09A64AE1F67}"
EndProject
Project("{FAE04EC0-301F-11D3-BF4B-00C04F79EFBC}") = "OfflineSync.Client", "OfflineSync.Client\OfflineSync.Client.csproj", "{2E40B1BD-B44B-481E-A753-59B6F4341BAB}"
EndProject
Project("{FAE04EC0-301F-11D3-BF4B-00C04F79EFBC}") = "User.FormsApp", "User.FormsApp\User.FormsApp.csproj", "{C080DED9-D04A-4FB0-BD8B-02DC0E70A6CE}"
EndProject
Global
	GlobalSection(SolutionConfigurationPlatforms) = preSolution
		Debug|Any CPU = Debug|Any CPU
		Release|Any CPU = Release|Any CPU
	EndGlobalSection
	GlobalSection(ProjectConfigurationPlatforms) = postSolution
		{2C2F500C-9E5B-4246-8960-2B4479CF7936}.Debug|Any CPU.ActiveCfg = Debug|Any CPU
		{2C2F500C-9E5B-4246-8960-2B4479CF7936}.Debug|Any CPU.Build.0 = Debug|Any CPU
		{2C2F500C-9E5B-4246-8960-2B4479CF7936}.Release|Any CPU.ActiveCfg = Release|Any CPU
		{2C2F500C-9E5B-4246-8960-2B4479CF7936}.Release|Any CPU.Build.0 = Release|Any CPU
		{87C19377-247B-425A-8E15-F6924FE9DEFD}.Debug|Any CPU.ActiveCfg = Debug|Any CPU
		{87C19377-247B-425A-8E15-F6924FE9DEFD}.Debug|Any CPU.Build.0 = Debug|Any CPU
		{87C19377-247B-425A-8E15-F6924FE9DEFD}.Release|Any CPU.ActiveCfg = Release|Any CPU
		{87C19377-247B-425A-8E15-F6924FE9DEFD}.Release|Any CPU.Build.0 = Release|Any CPU
		{076E98CE-B839-4BA3-9C2D-E09A64AE1F67}.Debug|Any CPU.ActiveCfg = Debug|Any CPU
		{076E98CE-B839-4BA3-9C2D-E09A64AE1F67}.Debug|Any CPU.Build.0 = Debug|Any CPU
		{076E98CE-B839-4BA3-9C2D-E09A64AE1F67}.Release|Any CPU.ActiveCfg = Release|Any CPU
		{076E98CE-B839-4BA3-9C2D-E09A64AE1F67}.Release|Any CPU.Build.0 = Release|Any CPU
		{2E40B1BD-B44B-481E-A753-59B6F4341BAB}.Debug|Any CPU.ActiveCfg = Debug|Any CPU
		{2E40B1BD-B44B-481E-A753-59B6F4341BAB}.Debug|Any CPU.Build.0 = Debug|Any CPU
		{2E40B1BD-B44B-481E-A753-59B6F4341BAB}.Release|Any CPU.ActiveCfg = Release|Any CPU
		{2E40B1BD-B44B-481E-A753-59B6F4341BAB}.Release|Any CPU.Build.0 = Release|Any CPU
		{C080DED9-D04A-4FB0-BD8B-02DC0E70A6CE}.Debug|Any CPU.ActiveCfg = Debug|Any CPU
		{C080DED9-D04A-4FB0-BD8B-02DC0E70A6CE}.Debug|Any CPU.Build.0 = Debug|Any CPU
		{C080DED9-D04A-4FB0-BD8B-02DC0E70A6CE}.Release|Any CPU.ActiveCfg = Release|Any CPU
		{C080DED9-D04A-4FB0-BD8B-02DC0E70A6CE}.Release|Any CPU.Build.0 = Release|Any CPU
	EndGlobalSection
	GlobalSection(SolutionProperties) = preSolution
		HideSolutionNode = FALSE
	EndGlobalSection
	GlobalSection(ExtensibilityGlobals) = postSolution
		SolutionGuid = {FD0E2417-3D4D-446E-B5F0-BF1F7CE57287}
	EndGlobalSection
EndGlobal
